// !$*UTF8*$!
{
	archiveVersion = 1;
	classes = {
	};
	objectVersion = 50;
	objects = {

/* Begin PBXBuildFile section */
		035977AB245319890056732F /* Contact+tags.swift in Sources */ = {isa = PBXBuildFile; fileRef = 035977AA245319890056732F /* Contact+tags.swift */; };
		035977AC24531B4A0056732F /* Contact+tags.swift in Sources */ = {isa = PBXBuildFile; fileRef = 035977AA245319890056732F /* Contact+tags.swift */; };
		035977AD24531B4B0056732F /* Contact+tags.swift in Sources */ = {isa = PBXBuildFile; fileRef = 035977AA245319890056732F /* Contact+tags.swift */; };
		035977AF245333A20056732F /* Tag+image.swift in Sources */ = {isa = PBXBuildFile; fileRef = 035977AE245333A20056732F /* Tag+image.swift */; };
		035977B0245333F00056732F /* Tag+image.swift in Sources */ = {isa = PBXBuildFile; fileRef = 035977AE245333A20056732F /* Tag+image.swift */; };
		035977B12453386C0056732F /* Tag+image.swift in Sources */ = {isa = PBXBuildFile; fileRef = 035977AE245333A20056732F /* Tag+image.swift */; };
		037918C32445A24100715C81 /* CurrentTime.swift in Sources */ = {isa = PBXBuildFile; fileRef = 037918C22445A24100715C81 /* CurrentTime.swift */; };
		037918C42445A6F100715C81 /* CurrentTime.swift in Sources */ = {isa = PBXBuildFile; fileRef = 037918C22445A24100715C81 /* CurrentTime.swift */; };
		037918C52445A6F100715C81 /* CurrentTime.swift in Sources */ = {isa = PBXBuildFile; fileRef = 037918C22445A24100715C81 /* CurrentTime.swift */; };
		03B8BF20243DF23D0009E084 /* Line.swift in Sources */ = {isa = PBXBuildFile; fileRef = 03D5A53924373FC6004AC5EB /* Line.swift */; };
		03B8BF9924437AF70009E084 /* TimeLineSharedWatchOS.h in Headers */ = {isa = PBXBuildFile; fileRef = 03B8BF9724437AF70009E084 /* TimeLineSharedWatchOS.h */; settings = {ATTRIBUTES = (Public, ); }; };
		03B8BFA324437B340009E084 /* Model.xcdatamodeld in Sources */ = {isa = PBXBuildFile; fileRef = 03D633A4243616C200F8D2CE /* Model.xcdatamodeld */; };
		03B8BFA424437B340009E084 /* CoreDataManager.swift in Sources */ = {isa = PBXBuildFile; fileRef = 03D633A72436182000F8D2CE /* CoreDataManager.swift */; };
		03B8BFA624437B340009E084 /* Solar.swift in Sources */ = {isa = PBXBuildFile; fileRef = 03D633C5243653AB00F8D2CE /* Solar.swift */; };
		03B8BFA724437B340009E084 /* Contact+location.swift in Sources */ = {isa = PBXBuildFile; fileRef = 03D633B42436259B00F8D2CE /* Contact+location.swift */; };
		03B8BFA824437B340009E084 /* Line.swift in Sources */ = {isa = PBXBuildFile; fileRef = 03D5A53924373FC6004AC5EB /* Line.swift */; };
		03B8BFA924437B340009E084 /* TimeZone+print.swift in Sources */ = {isa = PBXBuildFile; fileRef = 03D633C324364BF000F8D2CE /* TimeZone+print.swift */; };
		03CD2B9B24446B7700DFCD04 /* ContactRow.swift in Sources */ = {isa = PBXBuildFile; fileRef = 03CD2B9A24446B7700DFCD04 /* ContactRow.swift */; };
		03D5A53824373FB3004AC5EB /* ContactRow.swift in Sources */ = {isa = PBXBuildFile; fileRef = 03D5A53724373FB3004AC5EB /* ContactRow.swift */; };
		03D5A53A24373FC6004AC5EB /* Line.swift in Sources */ = {isa = PBXBuildFile; fileRef = 03D5A53924373FC6004AC5EB /* Line.swift */; };
		03D5A5C72438B68D004AC5EB /* TimeLineSharedMacOS.h in Headers */ = {isa = PBXBuildFile; fileRef = 03D5A5C52438B68D004AC5EB /* TimeLineSharedMacOS.h */; settings = {ATTRIBUTES = (Public, ); }; };
		03D5A5CB2438B6C3004AC5EB /* CoreDataManager.swift in Sources */ = {isa = PBXBuildFile; fileRef = 03D633A72436182000F8D2CE /* CoreDataManager.swift */; };
		03D5A5CC2438B6C3004AC5EB /* Solar.swift in Sources */ = {isa = PBXBuildFile; fileRef = 03D633C5243653AB00F8D2CE /* Solar.swift */; };
		03D5A5CF2438B6C3004AC5EB /* Contact+location.swift in Sources */ = {isa = PBXBuildFile; fileRef = 03D633B42436259B00F8D2CE /* Contact+location.swift */; };
		03D5A5D02438B6C3004AC5EB /* TimeZone+print.swift in Sources */ = {isa = PBXBuildFile; fileRef = 03D633C324364BF000F8D2CE /* TimeZone+print.swift */; };
		03D5A5D12438B6CB004AC5EB /* Model.xcdatamodeld in Sources */ = {isa = PBXBuildFile; fileRef = 03D633A4243616C200F8D2CE /* Model.xcdatamodeld */; };
		03D5A5E52438C2A2004AC5EB /* ContactRow.swift in Sources */ = {isa = PBXBuildFile; fileRef = 03D5A5E42438C2A2004AC5EB /* ContactRow.swift */; };
		03D5A672243B6A0D004AC5EB /* Utils.swift in Sources */ = {isa = PBXBuildFile; fileRef = 03D5A671243B6A0D004AC5EB /* Utils.swift */; };
		03D5A673243B6A32004AC5EB /* Utils.swift in Sources */ = {isa = PBXBuildFile; fileRef = 03D5A671243B6A0D004AC5EB /* Utils.swift */; };
		03D5A677243C7DD5004AC5EB /* ContactDetails.swift in Sources */ = {isa = PBXBuildFile; fileRef = 03D5A676243C7DD5004AC5EB /* ContactDetails.swift */; };
		03D5A678243C7DF3004AC5EB /* ContactDetails.swift in Sources */ = {isa = PBXBuildFile; fileRef = 03D5A676243C7DD5004AC5EB /* ContactDetails.swift */; };
		03D5A67A243C7E9B004AC5EB /* MapView.swift in Sources */ = {isa = PBXBuildFile; fileRef = 03D5A679243C7E9B004AC5EB /* MapView.swift */; };
		03D5A67B243C7EEA004AC5EB /* MapView.swift in Sources */ = {isa = PBXBuildFile; fileRef = 03D5A679243C7E9B004AC5EB /* MapView.swift */; };
		03D5A680243CA078004AC5EB /* VisualEffectView.swift in Sources */ = {isa = PBXBuildFile; fileRef = 03D5A67F243CA078004AC5EB /* VisualEffectView.swift */; };
		03D633982436165100F8D2CE /* TimeLineShared.h in Headers */ = {isa = PBXBuildFile; fileRef = 03D633962436165100F8D2CE /* TimeLineShared.h */; settings = {ATTRIBUTES = (Public, ); }; };
		03D633A6243616C200F8D2CE /* Model.xcdatamodeld in Sources */ = {isa = PBXBuildFile; fileRef = 03D633A4243616C200F8D2CE /* Model.xcdatamodeld */; };
		03D633A82436182000F8D2CE /* CoreDataManager.swift in Sources */ = {isa = PBXBuildFile; fileRef = 03D633A72436182000F8D2CE /* CoreDataManager.swift */; };
		03D633B52436259B00F8D2CE /* Contact+location.swift in Sources */ = {isa = PBXBuildFile; fileRef = 03D633B42436259B00F8D2CE /* Contact+location.swift */; };
		03D633C424364BF000F8D2CE /* TimeZone+print.swift in Sources */ = {isa = PBXBuildFile; fileRef = 03D633C324364BF000F8D2CE /* TimeZone+print.swift */; };
		03D633C6243653AB00F8D2CE /* Solar.swift in Sources */ = {isa = PBXBuildFile; fileRef = 03D633C5243653AB00F8D2CE /* Solar.swift */; };
		03DCC2BA2451C0FE000D0B94 /* TimeZone+location.swift in Sources */ = {isa = PBXBuildFile; fileRef = 03DCC2B92451C0FE000D0B94 /* TimeZone+location.swift */; };
		03DCC2BB2451C3AD000D0B94 /* TimeZone+location.swift in Sources */ = {isa = PBXBuildFile; fileRef = 03DCC2B92451C0FE000D0B94 /* TimeZone+location.swift */; };
		03DCC2BC2451C3AD000D0B94 /* TimeZone+location.swift in Sources */ = {isa = PBXBuildFile; fileRef = 03DCC2B92451C0FE000D0B94 /* TimeZone+location.swift */; };
		03DCC2BE2451C879000D0B94 /* timezone-data.json in Resources */ = {isa = PBXBuildFile; fileRef = 03DCC2BD2451C879000D0B94 /* timezone-data.json */; };
		03DCC2BF2451CA40000D0B94 /* timezone-data.json in Resources */ = {isa = PBXBuildFile; fileRef = 03DCC2BD2451C879000D0B94 /* timezone-data.json */; };
		03DCC2C02451CA41000D0B94 /* timezone-data.json in Resources */ = {isa = PBXBuildFile; fileRef = 03DCC2BD2451C879000D0B94 /* timezone-data.json */; };
		03DCC2C72451DBC0000D0B94 /* Date+timezone.swift in Sources */ = {isa = PBXBuildFile; fileRef = 03DCC2C62451DBC0000D0B94 /* Date+timezone.swift */; };
		03DCC2C82451DC4C000D0B94 /* Date+timezone.swift in Sources */ = {isa = PBXBuildFile; fileRef = 03DCC2C62451DBC0000D0B94 /* Date+timezone.swift */; };
		03DCC2C92451DC4D000D0B94 /* Date+timezone.swift in Sources */ = {isa = PBXBuildFile; fileRef = 03DCC2C62451DBC0000D0B94 /* Date+timezone.swift */; };
/* End PBXBuildFile section */

/* Begin PBXFileReference section */
		035977AA245319890056732F /* Contact+tags.swift */ = {isa = PBXFileReference; lastKnownFileType = sourcecode.swift; path = "Contact+tags.swift"; sourceTree = "<group>"; };
		035977AE245333A20056732F /* Tag+image.swift */ = {isa = PBXFileReference; lastKnownFileType = sourcecode.swift; path = "Tag+image.swift"; sourceTree = "<group>"; };
		037918C22445A24100715C81 /* CurrentTime.swift */ = {isa = PBXFileReference; lastKnownFileType = sourcecode.swift; path = CurrentTime.swift; sourceTree = "<group>"; };
		03B8BF9524437AF70009E084 /* TimeLineSharedWatchOS.framework */ = {isa = PBXFileReference; explicitFileType = wrapper.framework; includeInIndex = 0; path = TimeLineSharedWatchOS.framework; sourceTree = BUILT_PRODUCTS_DIR; };
		03B8BF9724437AF70009E084 /* TimeLineSharedWatchOS.h */ = {isa = PBXFileReference; lastKnownFileType = sourcecode.c.h; path = TimeLineSharedWatchOS.h; sourceTree = "<group>"; };
		03B8BF9824437AF70009E084 /* Info.plist */ = {isa = PBXFileReference; lastKnownFileType = text.plist.xml; path = Info.plist; sourceTree = "<group>"; };
		03CD2B9A24446B7700DFCD04 /* ContactRow.swift */ = {isa = PBXFileReference; lastKnownFileType = sourcecode.swift; path = ContactRow.swift; sourceTree = "<group>"; };
		03D5A53724373FB3004AC5EB /* ContactRow.swift */ = {isa = PBXFileReference; lastKnownFileType = sourcecode.swift; name = ContactRow.swift; path = TimeLineShareIOS/ContactRow.swift; sourceTree = "<group>"; };
		03D5A53924373FC6004AC5EB /* Line.swift */ = {isa = PBXFileReference; lastKnownFileType = sourcecode.swift; path = Line.swift; sourceTree = "<group>"; };
		03D5A5C32438B68D004AC5EB /* TimeLineSharedMacOS.framework */ = {isa = PBXFileReference; explicitFileType = wrapper.framework; includeInIndex = 0; path = TimeLineSharedMacOS.framework; sourceTree = BUILT_PRODUCTS_DIR; };
		03D5A5C52438B68D004AC5EB /* TimeLineSharedMacOS.h */ = {isa = PBXFileReference; lastKnownFileType = sourcecode.c.h; path = TimeLineSharedMacOS.h; sourceTree = "<group>"; };
		03D5A5C62438B68D004AC5EB /* Info.plist */ = {isa = PBXFileReference; lastKnownFileType = text.plist.xml; path = Info.plist; sourceTree = "<group>"; };
		03D5A5E42438C2A2004AC5EB /* ContactRow.swift */ = {isa = PBXFileReference; lastKnownFileType = sourcecode.swift; path = ContactRow.swift; sourceTree = "<group>"; };
		03D5A5E92438C453004AC5EB /* SwiftUI.framework */ = {isa = PBXFileReference; lastKnownFileType = wrapper.framework; name = SwiftUI.framework; path = Platforms/MacOSX.platform/Developer/SDKs/MacOSX10.15.sdk/System/Library/Frameworks/SwiftUI.framework; sourceTree = DEVELOPER_DIR; };
		03D5A66A243A3FE0004AC5EB /* StoreKit.framework */ = {isa = PBXFileReference; lastKnownFileType = wrapper.framework; name = StoreKit.framework; path = Platforms/MacOSX.platform/Developer/SDKs/MacOSX10.15.sdk/System/Library/Frameworks/StoreKit.framework; sourceTree = DEVELOPER_DIR; };
		03D5A671243B6A0D004AC5EB /* Utils.swift */ = {isa = PBXFileReference; lastKnownFileType = sourcecode.swift; path = Utils.swift; sourceTree = "<group>"; };
		03D5A676243C7DD5004AC5EB /* ContactDetails.swift */ = {isa = PBXFileReference; lastKnownFileType = sourcecode.swift; path = ContactDetails.swift; sourceTree = "<group>"; };
		03D5A679243C7E9B004AC5EB /* MapView.swift */ = {isa = PBXFileReference; lastKnownFileType = sourcecode.swift; path = MapView.swift; sourceTree = "<group>"; };
		03D5A67F243CA078004AC5EB /* VisualEffectView.swift */ = {isa = PBXFileReference; lastKnownFileType = sourcecode.swift; path = VisualEffectView.swift; sourceTree = "<group>"; };
		03D633932436165100F8D2CE /* TimeLineShared.framework */ = {isa = PBXFileReference; explicitFileType = wrapper.framework; includeInIndex = 0; path = TimeLineShared.framework; sourceTree = BUILT_PRODUCTS_DIR; };
		03D633962436165100F8D2CE /* TimeLineShared.h */ = {isa = PBXFileReference; lastKnownFileType = sourcecode.c.h; name = TimeLineShared.h; path = TimeLineShareIOS/TimeLineShared.h; sourceTree = "<group>"; };
		03D633972436165100F8D2CE /* Info.plist */ = {isa = PBXFileReference; lastKnownFileType = text.plist.xml; path = Info.plist; sourceTree = "<group>"; };
		03D633A5243616C200F8D2CE /* Model.xcdatamodel */ = {isa = PBXFileReference; lastKnownFileType = wrapper.xcdatamodel; path = Model.xcdatamodel; sourceTree = "<group>"; };
		03D633A72436182000F8D2CE /* CoreDataManager.swift */ = {isa = PBXFileReference; lastKnownFileType = sourcecode.swift; path = CoreDataManager.swift; sourceTree = "<group>"; };
		03D633B42436259B00F8D2CE /* Contact+location.swift */ = {isa = PBXFileReference; lastKnownFileType = sourcecode.swift; path = "Contact+location.swift"; sourceTree = "<group>"; };
		03D633C324364BF000F8D2CE /* TimeZone+print.swift */ = {isa = PBXFileReference; lastKnownFileType = sourcecode.swift; path = "TimeZone+print.swift"; sourceTree = "<group>"; };
		03D633C5243653AB00F8D2CE /* Solar.swift */ = {isa = PBXFileReference; lastKnownFileType = sourcecode.swift; path = Solar.swift; sourceTree = "<group>"; };
		03DCC2B92451C0FE000D0B94 /* TimeZone+location.swift */ = {isa = PBXFileReference; lastKnownFileType = sourcecode.swift; path = "TimeZone+location.swift"; sourceTree = "<group>"; };
		03DCC2BD2451C879000D0B94 /* timezone-data.json */ = {isa = PBXFileReference; lastKnownFileType = text.json; path = "timezone-data.json"; sourceTree = "<group>"; };
		03DCC2C62451DBC0000D0B94 /* Date+timezone.swift */ = {isa = PBXFileReference; lastKnownFileType = sourcecode.swift; path = "Date+timezone.swift"; sourceTree = "<group>"; };
/* End PBXFileReference section */

/* Begin PBXFrameworksBuildPhase section */
		03B8BF9224437AF70009E084 /* Frameworks */ = {
			isa = PBXFrameworksBuildPhase;
			buildActionMask = 2147483647;
			files = (
			);
			runOnlyForDeploymentPostprocessing = 0;
		};
		03D5A5C02438B68D004AC5EB /* Frameworks */ = {
			isa = PBXFrameworksBuildPhase;
			buildActionMask = 2147483647;
			files = (
			);
			runOnlyForDeploymentPostprocessing = 0;
		};
		03D633902436165100F8D2CE /* Frameworks */ = {
			isa = PBXFrameworksBuildPhase;
			buildActionMask = 2147483647;
			files = (
			);
			runOnlyForDeploymentPostprocessing = 0;
		};
/* End PBXFrameworksBuildPhase section */

/* Begin PBXGroup section */
		03B8BF9624437AF70009E084 /* TimeLineSharedWatchOS */ = {
			isa = PBXGroup;
			children = (
				03B8BF9724437AF70009E084 /* TimeLineSharedWatchOS.h */,
				03CD2B9A24446B7700DFCD04 /* ContactRow.swift */,
				03B8BF9824437AF70009E084 /* Info.plist */,
			);
			path = TimeLineSharedWatchOS;
			sourceTree = "<group>";
		};
		03D5A5C42438B68D004AC5EB /* TimeLineSharedMacOS */ = {
			isa = PBXGroup;
			children = (
				03D5A5C52438B68D004AC5EB /* TimeLineSharedMacOS.h */,
				03D5A5C62438B68D004AC5EB /* Info.plist */,
				03D5A5E42438C2A2004AC5EB /* ContactRow.swift */,
				03D5A67F243CA078004AC5EB /* VisualEffectView.swift */,
			);
			path = TimeLineSharedMacOS;
			sourceTree = "<group>";
		};
		03D5A5E32438C25F004AC5EB /* TimeLineSharedIOS */ = {
			isa = PBXGroup;
			children = (
				03D633962436165100F8D2CE /* TimeLineShared.h */,
				03D5A53724373FB3004AC5EB /* ContactRow.swift */,
			);
			name = TimeLineSharedIOS;
			sourceTree = "<group>";
		};
		03D5A5E82438C453004AC5EB /* Frameworks */ = {
			isa = PBXGroup;
			children = (
				03D5A66A243A3FE0004AC5EB /* StoreKit.framework */,
				03D5A5E92438C453004AC5EB /* SwiftUI.framework */,
			);
			name = Frameworks;
			sourceTree = "<group>";
		};
		03D633892436165100F8D2CE = {
			isa = PBXGroup;
			children = (
				03D633952436165100F8D2CE /* TimeLineShared */,
				03D5A5E32438C25F004AC5EB /* TimeLineSharedIOS */,
				03D5A5C42438B68D004AC5EB /* TimeLineSharedMacOS */,
				03B8BF9624437AF70009E084 /* TimeLineSharedWatchOS */,
				03D633942436165100F8D2CE /* Products */,
				03D5A5E82438C453004AC5EB /* Frameworks */,
			);
			sourceTree = "<group>";
		};
		03D633942436165100F8D2CE /* Products */ = {
			isa = PBXGroup;
			children = (
				03D633932436165100F8D2CE /* TimeLineShared.framework */,
				03D5A5C32438B68D004AC5EB /* TimeLineSharedMacOS.framework */,
				03B8BF9524437AF70009E084 /* TimeLineSharedWatchOS.framework */,
			);
			name = Products;
			sourceTree = "<group>";
		};
		03D633952436165100F8D2CE /* TimeLineShared */ = {
			isa = PBXGroup;
			children = (
				03D633972436165100F8D2CE /* Info.plist */,
				03D633A4243616C200F8D2CE /* Model.xcdatamodeld */,
				03D633A72436182000F8D2CE /* CoreDataManager.swift */,
				03D633B42436259B00F8D2CE /* Contact+location.swift */,
				035977AA245319890056732F /* Contact+tags.swift */,
				035977AE245333A20056732F /* Tag+image.swift */,
				037918C22445A24100715C81 /* CurrentTime.swift */,
				03D5A671243B6A0D004AC5EB /* Utils.swift */,
				03D633C5243653AB00F8D2CE /* Solar.swift */,
				03D5A679243C7E9B004AC5EB /* MapView.swift */,
				03D5A53924373FC6004AC5EB /* Line.swift */,
				03D5A676243C7DD5004AC5EB /* ContactDetails.swift */,
				03DCC2C62451DBC0000D0B94 /* Date+timezone.swift */,
				03D633C324364BF000F8D2CE /* TimeZone+print.swift */,
				03DCC2B92451C0FE000D0B94 /* TimeZone+location.swift */,
				03DCC2BD2451C879000D0B94 /* timezone-data.json */,
			);
			path = TimeLineShared;
			sourceTree = "<group>";
		};
/* End PBXGroup section */

/* Begin PBXHeadersBuildPhase section */
		03B8BF9024437AF70009E084 /* Headers */ = {
			isa = PBXHeadersBuildPhase;
			buildActionMask = 2147483647;
			files = (
				03B8BF9924437AF70009E084 /* TimeLineSharedWatchOS.h in Headers */,
			);
			runOnlyForDeploymentPostprocessing = 0;
		};
		03D5A5BE2438B68D004AC5EB /* Headers */ = {
			isa = PBXHeadersBuildPhase;
			buildActionMask = 2147483647;
			files = (
				03D5A5C72438B68D004AC5EB /* TimeLineSharedMacOS.h in Headers */,
			);
			runOnlyForDeploymentPostprocessing = 0;
		};
		03D6338E2436165100F8D2CE /* Headers */ = {
			isa = PBXHeadersBuildPhase;
			buildActionMask = 2147483647;
			files = (
				03D633982436165100F8D2CE /* TimeLineShared.h in Headers */,
			);
			runOnlyForDeploymentPostprocessing = 0;
		};
/* End PBXHeadersBuildPhase section */

/* Begin PBXNativeTarget section */
		03B8BF9424437AF70009E084 /* TimeLineSharedWatchOS */ = {
			isa = PBXNativeTarget;
			buildConfigurationList = 03B8BF9C24437AF70009E084 /* Build configuration list for PBXNativeTarget "TimeLineSharedWatchOS" */;
			buildPhases = (
				03B8BF9024437AF70009E084 /* Headers */,
				03B8BF9124437AF70009E084 /* Sources */,
				03B8BF9224437AF70009E084 /* Frameworks */,
				03B8BF9324437AF70009E084 /* Resources */,
			);
			buildRules = (
			);
			dependencies = (
			);
			name = TimeLineSharedWatchOS;
			productName = TimeLineSharedWatchOS;
			productReference = 03B8BF9524437AF70009E084 /* TimeLineSharedWatchOS.framework */;
			productType = "com.apple.product-type.framework";
		};
		03D5A5C22438B68D004AC5EB /* TimeLineSharedMacOS */ = {
			isa = PBXNativeTarget;
			buildConfigurationList = 03D5A5CA2438B68D004AC5EB /* Build configuration list for PBXNativeTarget "TimeLineSharedMacOS" */;
			buildPhases = (
				03D5A5BE2438B68D004AC5EB /* Headers */,
				03D5A5BF2438B68D004AC5EB /* Sources */,
				03D5A5C02438B68D004AC5EB /* Frameworks */,
				03D5A5C12438B68D004AC5EB /* Resources */,
			);
			buildRules = (
			);
			dependencies = (
			);
			name = TimeLineSharedMacOS;
			productName = TimeLineSharedMacOS;
			productReference = 03D5A5C32438B68D004AC5EB /* TimeLineSharedMacOS.framework */;
			productType = "com.apple.product-type.framework";
		};
		03D633922436165100F8D2CE /* TimeLineShared */ = {
			isa = PBXNativeTarget;
			buildConfigurationList = 03D6339B2436165100F8D2CE /* Build configuration list for PBXNativeTarget "TimeLineShared" */;
			buildPhases = (
				03D6338E2436165100F8D2CE /* Headers */,
				03D6338F2436165100F8D2CE /* Sources */,
				03D633902436165100F8D2CE /* Frameworks */,
				03D633912436165100F8D2CE /* Resources */,
			);
			buildRules = (
			);
			dependencies = (
			);
			name = TimeLineShared;
			productName = TimeLineShared;
			productReference = 03D633932436165100F8D2CE /* TimeLineShared.framework */;
			productType = "com.apple.product-type.framework";
		};
/* End PBXNativeTarget section */

/* Begin PBXProject section */
		03D6338A2436165100F8D2CE /* Project object */ = {
			isa = PBXProject;
			attributes = {
				LastUpgradeCheck = 1410;
				ORGANIZATIONNAME = "Mathieu Dutour";
				TargetAttributes = {
					03B8BF9424437AF70009E084 = {
						CreatedOnToolsVersion = 11.4;
					};
					03D5A5C22438B68D004AC5EB = {
						CreatedOnToolsVersion = 11.4;
					};
					03D633922436165100F8D2CE = {
						CreatedOnToolsVersion = 11.4;
						LastSwiftMigration = 1140;
					};
				};
			};
			buildConfigurationList = 03D6338D2436165100F8D2CE /* Build configuration list for PBXProject "TimeLineShared" */;
			compatibilityVersion = "Xcode 9.3";
			developmentRegion = en;
			hasScannedForEncodings = 0;
			knownRegions = (
				en,
				Base,
			);
			mainGroup = 03D633892436165100F8D2CE;
			productRefGroup = 03D633942436165100F8D2CE /* Products */;
			projectDirPath = "";
			projectRoot = "";
			targets = (
				03D633922436165100F8D2CE /* TimeLineShared */,
				03D5A5C22438B68D004AC5EB /* TimeLineSharedMacOS */,
				03B8BF9424437AF70009E084 /* TimeLineSharedWatchOS */,
			);
		};
/* End PBXProject section */

/* Begin PBXResourcesBuildPhase section */
		03B8BF9324437AF70009E084 /* Resources */ = {
			isa = PBXResourcesBuildPhase;
			buildActionMask = 2147483647;
			files = (
				03DCC2C02451CA41000D0B94 /* timezone-data.json in Resources */,
			);
			runOnlyForDeploymentPostprocessing = 0;
		};
		03D5A5C12438B68D004AC5EB /* Resources */ = {
			isa = PBXResourcesBuildPhase;
			buildActionMask = 2147483647;
			files = (
				03DCC2BF2451CA40000D0B94 /* timezone-data.json in Resources */,
			);
			runOnlyForDeploymentPostprocessing = 0;
		};
		03D633912436165100F8D2CE /* Resources */ = {
			isa = PBXResourcesBuildPhase;
			buildActionMask = 2147483647;
			files = (
				03DCC2BE2451C879000D0B94 /* timezone-data.json in Resources */,
			);
			runOnlyForDeploymentPostprocessing = 0;
		};
/* End PBXResourcesBuildPhase section */

/* Begin PBXSourcesBuildPhase section */
		03B8BF9124437AF70009E084 /* Sources */ = {
			isa = PBXSourcesBuildPhase;
			buildActionMask = 2147483647;
			files = (
				03B8BFA324437B340009E084 /* Model.xcdatamodeld in Sources */,
				03B8BFA424437B340009E084 /* CoreDataManager.swift in Sources */,
				03B8BFA624437B340009E084 /* Solar.swift in Sources */,
				03B8BFA724437B340009E084 /* Contact+location.swift in Sources */,
				035977B0245333F00056732F /* Tag+image.swift in Sources */,
				03B8BFA824437B340009E084 /* Line.swift in Sources */,
				03CD2B9B24446B7700DFCD04 /* ContactRow.swift in Sources */,
				03DCC2C92451DC4D000D0B94 /* Date+timezone.swift in Sources */,
				037918C52445A6F100715C81 /* CurrentTime.swift in Sources */,
				03B8BFA924437B340009E084 /* TimeZone+print.swift in Sources */,
				035977AD24531B4B0056732F /* Contact+tags.swift in Sources */,
				03DCC2BC2451C3AD000D0B94 /* TimeZone+location.swift in Sources */,
			);
			runOnlyForDeploymentPostprocessing = 0;
		};
		03D5A5BF2438B68D004AC5EB /* Sources */ = {
			isa = PBXSourcesBuildPhase;
			buildActionMask = 2147483647;
			files = (
				03D5A67B243C7EEA004AC5EB /* MapView.swift in Sources */,
				035977B12453386C0056732F /* Tag+image.swift in Sources */,
				03D5A678243C7DF3004AC5EB /* ContactDetails.swift in Sources */,
				03D5A673243B6A32004AC5EB /* Utils.swift in Sources */,
				035977AC24531B4A0056732F /* Contact+tags.swift in Sources */,
				03D5A5D12438B6CB004AC5EB /* Model.xcdatamodeld in Sources */,
				03D5A680243CA078004AC5EB /* VisualEffectView.swift in Sources */,
				03D5A5CB2438B6C3004AC5EB /* CoreDataManager.swift in Sources */,
				03B8BF20243DF23D0009E084 /* Line.swift in Sources */,
				03D5A5CC2438B6C3004AC5EB /* Solar.swift in Sources */,
				03DCC2BB2451C3AD000D0B94 /* TimeZone+location.swift in Sources */,
				037918C42445A6F100715C81 /* CurrentTime.swift in Sources */,
				03DCC2C82451DC4C000D0B94 /* Date+timezone.swift in Sources */,
				03D5A5CF2438B6C3004AC5EB /* Contact+location.swift in Sources */,
				03D5A5D02438B6C3004AC5EB /* TimeZone+print.swift in Sources */,
				03D5A5E52438C2A2004AC5EB /* ContactRow.swift in Sources */,
			);
			runOnlyForDeploymentPostprocessing = 0;
		};
		03D6338F2436165100F8D2CE /* Sources */ = {
			isa = PBXSourcesBuildPhase;
			buildActionMask = 2147483647;
			files = (
				03D633C6243653AB00F8D2CE /* Solar.swift in Sources */,
				03D5A677243C7DD5004AC5EB /* ContactDetails.swift in Sources */,
				03DCC2BA2451C0FE000D0B94 /* TimeZone+location.swift in Sources */,
				03D633A82436182000F8D2CE /* CoreDataManager.swift in Sources */,
				035977AF245333A20056732F /* Tag+image.swift in Sources */,
				03D5A67A243C7E9B004AC5EB /* MapView.swift in Sources */,
				03D5A672243B6A0D004AC5EB /* Utils.swift in Sources */,
				03DCC2C72451DBC0000D0B94 /* Date+timezone.swift in Sources */,
				03D633B52436259B00F8D2CE /* Contact+location.swift in Sources */,
				035977AB245319890056732F /* Contact+tags.swift in Sources */,
				037918C32445A24100715C81 /* CurrentTime.swift in Sources */,
				03D633C424364BF000F8D2CE /* TimeZone+print.swift in Sources */,
				03D633A6243616C200F8D2CE /* Model.xcdatamodeld in Sources */,
				03D5A53A24373FC6004AC5EB /* Line.swift in Sources */,
				03D5A53824373FB3004AC5EB /* ContactRow.swift in Sources */,
			);
			runOnlyForDeploymentPostprocessing = 0;
		};
/* End PBXSourcesBuildPhase section */

/* Begin XCBuildConfiguration section */
		03B8BF9A24437AF70009E084 /* Debug */ = {
			isa = XCBuildConfiguration;
			buildSettings = {
				APPLICATION_EXTENSION_API_ONLY = YES;
				CODE_SIGN_STYLE = Automatic;
				DEFINES_MODULE = YES;
				DYLIB_COMPATIBILITY_VERSION = 1;
				DYLIB_CURRENT_VERSION = 1;
				DYLIB_INSTALL_NAME_BASE = "@rpath";
				INFOPLIST_FILE = TimeLineSharedWatchOS/Info.plist;
				INSTALL_PATH = "$(LOCAL_LIBRARY_DIR)/Frameworks";
				LD_RUNPATH_SEARCH_PATHS = (
					"$(inherited)",
					"@executable_path/Frameworks",
					"@loader_path/Frameworks",
				);
				PRODUCT_BUNDLE_IDENTIFIER = me.dutour.mathieu.TimeLineSharedWatchOS;
				PRODUCT_NAME = "$(TARGET_NAME:c99extidentifier)";
				SDKROOT = watchos;
				SKIP_INSTALL = YES;
				SWIFT_VERSION = 5.0;
				TARGETED_DEVICE_FAMILY = 4;
				WATCHOS_DEPLOYMENT_TARGET = 6.0;
			};
			name = Debug;
		};
		03B8BF9B24437AF70009E084 /* Release */ = {
			isa = XCBuildConfiguration;
			buildSettings = {
				APPLICATION_EXTENSION_API_ONLY = YES;
				CODE_SIGN_STYLE = Automatic;
				DEFINES_MODULE = YES;
				DYLIB_COMPATIBILITY_VERSION = 1;
				DYLIB_CURRENT_VERSION = 1;
				DYLIB_INSTALL_NAME_BASE = "@rpath";
				INFOPLIST_FILE = TimeLineSharedWatchOS/Info.plist;
				INSTALL_PATH = "$(LOCAL_LIBRARY_DIR)/Frameworks";
				LD_RUNPATH_SEARCH_PATHS = (
					"$(inherited)",
					"@executable_path/Frameworks",
					"@loader_path/Frameworks",
				);
				PRODUCT_BUNDLE_IDENTIFIER = me.dutour.mathieu.TimeLineSharedWatchOS;
				PRODUCT_NAME = "$(TARGET_NAME:c99extidentifier)";
				SDKROOT = watchos;
				SKIP_INSTALL = YES;
				SWIFT_VERSION = 5.0;
				TARGETED_DEVICE_FAMILY = 4;
				WATCHOS_DEPLOYMENT_TARGET = 6.0;
			};
			name = Release;
		};
		03D5A5C82438B68D004AC5EB /* Debug */ = {
			isa = XCBuildConfiguration;
			buildSettings = {
				APPLICATION_EXTENSION_API_ONLY = YES;
				CODE_SIGN_STYLE = Automatic;
				COMBINE_HIDPI_IMAGES = YES;
				DEAD_CODE_STRIPPING = YES;
				DEFINES_MODULE = YES;
				DYLIB_COMPATIBILITY_VERSION = 1;
				DYLIB_CURRENT_VERSION = 1;
				DYLIB_INSTALL_NAME_BASE = "@rpath";
				INFOPLIST_FILE = TimeLineSharedMacOS/Info.plist;
				INSTALL_PATH = "$(LOCAL_LIBRARY_DIR)/Frameworks";
				LD_RUNPATH_SEARCH_PATHS = (
					"$(inherited)",
					"@executable_path/../Frameworks",
					"@loader_path/Frameworks",
				);
				MACOSX_DEPLOYMENT_TARGET = 10.15;
				PRODUCT_BUNDLE_IDENTIFIER = me.dutour.mathieu.TimeLineSharedMacOS;
				PRODUCT_NAME = "$(TARGET_NAME:c99extidentifier)";
				SDKROOT = macosx;
				SKIP_INSTALL = YES;
				SWIFT_VERSION = 5.0;
			};
			name = Debug;
		};
		03D5A5C92438B68D004AC5EB /* Release */ = {
			isa = XCBuildConfiguration;
			buildSettings = {
				APPLICATION_EXTENSION_API_ONLY = YES;
				CODE_SIGN_STYLE = Automatic;
				COMBINE_HIDPI_IMAGES = YES;
				DEAD_CODE_STRIPPING = YES;
				DEFINES_MODULE = YES;
				DYLIB_COMPATIBILITY_VERSION = 1;
				DYLIB_CURRENT_VERSION = 1;
				DYLIB_INSTALL_NAME_BASE = "@rpath";
				INFOPLIST_FILE = TimeLineSharedMacOS/Info.plist;
				INSTALL_PATH = "$(LOCAL_LIBRARY_DIR)/Frameworks";
				LD_RUNPATH_SEARCH_PATHS = (
					"$(inherited)",
					"@executable_path/../Frameworks",
					"@loader_path/Frameworks",
				);
				MACOSX_DEPLOYMENT_TARGET = 10.15;
				PRODUCT_BUNDLE_IDENTIFIER = me.dutour.mathieu.TimeLineSharedMacOS;
				PRODUCT_NAME = "$(TARGET_NAME:c99extidentifier)";
				SDKROOT = macosx;
				SKIP_INSTALL = YES;
				SWIFT_VERSION = 5.0;
			};
			name = Release;
		};
		03D633992436165100F8D2CE /* Debug */ = {
			isa = XCBuildConfiguration;
			buildSettings = {
				ALWAYS_SEARCH_USER_PATHS = NO;
				CLANG_ANALYZER_NONNULL = YES;
				CLANG_ANALYZER_NUMBER_OBJECT_CONVERSION = YES_AGGRESSIVE;
				CLANG_CXX_LANGUAGE_STANDARD = "gnu++14";
				CLANG_CXX_LIBRARY = "libc++";
				CLANG_ENABLE_MODULES = YES;
				CLANG_ENABLE_OBJC_ARC = YES;
				CLANG_ENABLE_OBJC_WEAK = YES;
				CLANG_WARN_BLOCK_CAPTURE_AUTORELEASING = YES;
				CLANG_WARN_BOOL_CONVERSION = YES;
				CLANG_WARN_COMMA = YES;
				CLANG_WARN_CONSTANT_CONVERSION = YES;
				CLANG_WARN_DEPRECATED_OBJC_IMPLEMENTATIONS = YES;
				CLANG_WARN_DIRECT_OBJC_ISA_USAGE = YES_ERROR;
				CLANG_WARN_DOCUMENTATION_COMMENTS = YES;
				CLANG_WARN_EMPTY_BODY = YES;
				CLANG_WARN_ENUM_CONVERSION = YES;
				CLANG_WARN_INFINITE_RECURSION = YES;
				CLANG_WARN_INT_CONVERSION = YES;
				CLANG_WARN_NON_LITERAL_NULL_CONVERSION = YES;
				CLANG_WARN_OBJC_IMPLICIT_RETAIN_SELF = YES;
				CLANG_WARN_OBJC_LITERAL_CONVERSION = YES;
				CLANG_WARN_OBJC_ROOT_CLASS = YES_ERROR;
				CLANG_WARN_QUOTED_INCLUDE_IN_FRAMEWORK_HEADER = YES;
				CLANG_WARN_RANGE_LOOP_ANALYSIS = YES;
				CLANG_WARN_STRICT_PROTOTYPES = YES;
				CLANG_WARN_SUSPICIOUS_MOVE = YES;
				CLANG_WARN_UNGUARDED_AVAILABILITY = YES_AGGRESSIVE;
				CLANG_WARN_UNREACHABLE_CODE = YES;
				CLANG_WARN__DUPLICATE_METHOD_MATCH = YES;
				COPY_PHASE_STRIP = NO;
				CURRENT_PROJECT_VERSION = 1;
				DEBUG_INFORMATION_FORMAT = dwarf;
				ENABLE_STRICT_OBJC_MSGSEND = YES;
				ENABLE_TESTABILITY = YES;
				GCC_C_LANGUAGE_STANDARD = gnu11;
				GCC_DYNAMIC_NO_PIC = NO;
				GCC_NO_COMMON_BLOCKS = YES;
				GCC_OPTIMIZATION_LEVEL = 0;
				GCC_PREPROCESSOR_DEFINITIONS = (
					"DEBUG=1",
					"$(inherited)",
				);
				GCC_WARN_64_TO_32_BIT_CONVERSION = YES;
				GCC_WARN_ABOUT_RETURN_TYPE = YES_ERROR;
				GCC_WARN_UNDECLARED_SELECTOR = YES;
				GCC_WARN_UNINITIALIZED_AUTOS = YES_AGGRESSIVE;
				GCC_WARN_UNUSED_FUNCTION = YES;
				GCC_WARN_UNUSED_VARIABLE = YES;
				IPHONEOS_DEPLOYMENT_TARGET = 13.4;
				MTL_ENABLE_DEBUG_INFO = INCLUDE_SOURCE;
				MTL_FAST_MATH = YES;
				ONLY_ACTIVE_ARCH = YES;
				SDKROOT = iphoneos;
				SWIFT_ACTIVE_COMPILATION_CONDITIONS = DEBUG;
				SWIFT_OPTIMIZATION_LEVEL = "-Onone";
				VERSIONING_SYSTEM = "apple-generic";
				VERSION_INFO_PREFIX = "";
			};
			name = Debug;
		};
		03D6339A2436165100F8D2CE /* Release */ = {
			isa = XCBuildConfiguration;
			buildSettings = {
				ALWAYS_SEARCH_USER_PATHS = NO;
				CLANG_ANALYZER_NONNULL = YES;
				CLANG_ANALYZER_NUMBER_OBJECT_CONVERSION = YES_AGGRESSIVE;
				CLANG_CXX_LANGUAGE_STANDARD = "gnu++14";
				CLANG_CXX_LIBRARY = "libc++";
				CLANG_ENABLE_MODULES = YES;
				CLANG_ENABLE_OBJC_ARC = YES;
				CLANG_ENABLE_OBJC_WEAK = YES;
				CLANG_WARN_BLOCK_CAPTURE_AUTORELEASING = YES;
				CLANG_WARN_BOOL_CONVERSION = YES;
				CLANG_WARN_COMMA = YES;
				CLANG_WARN_CONSTANT_CONVERSION = YES;
				CLANG_WARN_DEPRECATED_OBJC_IMPLEMENTATIONS = YES;
				CLANG_WARN_DIRECT_OBJC_ISA_USAGE = YES_ERROR;
				CLANG_WARN_DOCUMENTATION_COMMENTS = YES;
				CLANG_WARN_EMPTY_BODY = YES;
				CLANG_WARN_ENUM_CONVERSION = YES;
				CLANG_WARN_INFINITE_RECURSION = YES;
				CLANG_WARN_INT_CONVERSION = YES;
				CLANG_WARN_NON_LITERAL_NULL_CONVERSION = YES;
				CLANG_WARN_OBJC_IMPLICIT_RETAIN_SELF = YES;
				CLANG_WARN_OBJC_LITERAL_CONVERSION = YES;
				CLANG_WARN_OBJC_ROOT_CLASS = YES_ERROR;
				CLANG_WARN_QUOTED_INCLUDE_IN_FRAMEWORK_HEADER = YES;
				CLANG_WARN_RANGE_LOOP_ANALYSIS = YES;
				CLANG_WARN_STRICT_PROTOTYPES = YES;
				CLANG_WARN_SUSPICIOUS_MOVE = YES;
				CLANG_WARN_UNGUARDED_AVAILABILITY = YES_AGGRESSIVE;
				CLANG_WARN_UNREACHABLE_CODE = YES;
				CLANG_WARN__DUPLICATE_METHOD_MATCH = YES;
				COPY_PHASE_STRIP = NO;
				CURRENT_PROJECT_VERSION = 1;
				DEBUG_INFORMATION_FORMAT = "dwarf-with-dsym";
				ENABLE_NS_ASSERTIONS = NO;
				ENABLE_STRICT_OBJC_MSGSEND = YES;
				GCC_C_LANGUAGE_STANDARD = gnu11;
				GCC_NO_COMMON_BLOCKS = YES;
				GCC_WARN_64_TO_32_BIT_CONVERSION = YES;
				GCC_WARN_ABOUT_RETURN_TYPE = YES_ERROR;
				GCC_WARN_UNDECLARED_SELECTOR = YES;
				GCC_WARN_UNINITIALIZED_AUTOS = YES_AGGRESSIVE;
				GCC_WARN_UNUSED_FUNCTION = YES;
				GCC_WARN_UNUSED_VARIABLE = YES;
				IPHONEOS_DEPLOYMENT_TARGET = 13.4;
				MTL_ENABLE_DEBUG_INFO = NO;
				MTL_FAST_MATH = YES;
				SDKROOT = iphoneos;
				SWIFT_COMPILATION_MODE = wholemodule;
				SWIFT_OPTIMIZATION_LEVEL = "-O";
				VALIDATE_PRODUCT = YES;
				VERSIONING_SYSTEM = "apple-generic";
				VERSION_INFO_PREFIX = "";
			};
			name = Release;
		};
		03D6339C2436165100F8D2CE /* Debug */ = {
			isa = XCBuildConfiguration;
			buildSettings = {
				APPLICATION_EXTENSION_API_ONLY = YES;
				CLANG_ENABLE_MODULES = YES;
				CODE_SIGN_STYLE = Automatic;
				DEFINES_MODULE = YES;
				DYLIB_COMPATIBILITY_VERSION = 1;
				DYLIB_CURRENT_VERSION = 1;
				DYLIB_INSTALL_NAME_BASE = "@rpath";
				INFOPLIST_FILE = TimeLineShared/Info.plist;
				INSTALL_PATH = "$(LOCAL_LIBRARY_DIR)/Frameworks";
				IPHONEOS_DEPLOYMENT_TARGET = 13.0;
				LD_RUNPATH_SEARCH_PATHS = (
					"$(inherited)",
					"@executable_path/Frameworks",
					"@loader_path/Frameworks",
				);
				PRODUCT_BUNDLE_IDENTIFIER = me.dutour.mathieu.TimeLineShared;
				PRODUCT_NAME = "$(TARGET_NAME:c99extidentifier)";
				SKIP_INSTALL = YES;
				SUPPORTS_MACCATALYST = NO;
				SWIFT_OPTIMIZATION_LEVEL = "-Onone";
				SWIFT_VERSION = 5.0;
				TARGETED_DEVICE_FAMILY = "1,2";
			};
			name = Debug;
		};
		03D6339D2436165100F8D2CE /* Release */ = {
			isa = XCBuildConfiguration;
			buildSettings = {
				APPLICATION_EXTENSION_API_ONLY = YES;
				CLANG_ENABLE_MODULES = YES;
				CODE_SIGN_STYLE = Automatic;
				DEFINES_MODULE = YES;
				DYLIB_COMPATIBILITY_VERSION = 1;
				DYLIB_CURRENT_VERSION = 1;
				DYLIB_INSTALL_NAME_BASE = "@rpath";
				INFOPLIST_FILE = TimeLineShared/Info.plist;
				INSTALL_PATH = "$(LOCAL_LIBRARY_DIR)/Frameworks";
				IPHONEOS_DEPLOYMENT_TARGET = 13.0;
				LD_RUNPATH_SEARCH_PATHS = (
					"$(inherited)",
					"@executable_path/Frameworks",
					"@loader_path/Frameworks",
				);
				PRODUCT_BUNDLE_IDENTIFIER = me.dutour.mathieu.TimeLineShared;
				PRODUCT_NAME = "$(TARGET_NAME:c99extidentifier)";
				SKIP_INSTALL = YES;
				SUPPORTS_MACCATALYST = NO;
				SWIFT_VERSION = 5.0;
				TARGETED_DEVICE_FAMILY = "1,2";
			};
			name = Release;
		};
/* End XCBuildConfiguration section */

/* Begin XCConfigurationList section */
		03B8BF9C24437AF70009E084 /* Build configuration list for PBXNativeTarget "TimeLineSharedWatchOS" */ = {
			isa = XCConfigurationList;
			buildConfigurations = (
				03B8BF9A24437AF70009E084 /* Debug */,
				03B8BF9B24437AF70009E084 /* Release */,
			);
			defaultConfigurationIsVisible = 0;
			defaultConfigurationName = Release;
		};
		03D5A5CA2438B68D004AC5EB /* Build configuration list for PBXNativeTarget "TimeLineSharedMacOS" */ = {
			isa = XCConfigurationList;
			buildConfigurations = (
				03D5A5C82438B68D004AC5EB /* Debug */,
				03D5A5C92438B68D004AC5EB /* Release */,
			);
			defaultConfigurationIsVisible = 0;
			defaultConfigurationName = Release;
		};
		03D6338D2436165100F8D2CE /* Build configuration list for PBXProject "TimeLineShared" */ = {
			isa = XCConfigurationList;
			buildConfigurations = (
				03D633992436165100F8D2CE /* Debug */,
				03D6339A2436165100F8D2CE /* Release */,
			);
			defaultConfigurationIsVisible = 0;
			defaultConfigurationName = Release;
		};
		03D6339B2436165100F8D2CE /* Build configuration list for PBXNativeTarget "TimeLineShared" */ = {
			isa = XCConfigurationList;
			buildConfigurations = (
				03D6339C2436165100F8D2CE /* Debug */,
				03D6339D2436165100F8D2CE /* Release */,
			);
			defaultConfigurationIsVisible = 0;
			defaultConfigurationName = Release;
		};
/* End XCConfigurationList section */

/* Begin XCVersionGroup section */
		03D633A4243616C200F8D2CE /* Model.xcdatamodeld */ = {
			isa = XCVersionGroup;
			children = (
				03D633A5243616C200F8D2CE /* Model.xcdatamodel */,
			);
			currentVersion = 03D633A5243616C200F8D2CE /* Model.xcdatamodel */;
			path = Model.xcdatamodeld;
			sourceTree = "<group>";
			versionGroupType = wrapper.xcdatamodel;
		};
/* End XCVersionGroup section */
	};
	rootObject = 03D6338A2436165100F8D2CE /* Project object */;
}
